
Microsoft Visual Studio Solution File, Format Version 12.00
# Visual Studio 15
VisualStudioVersion = 15.0.27004.2002
MinimumVisualStudioVersion = 10.0.40219.1
Project("{FAE04EC0-301F-11D3-BF4B-00C04F79EFBC}") = "Benefix_UI", "Benefix_UI\Benefix_UI.csproj", "{F453CAB9-378A-48AA-BE1C-2D37005A4EE9}"
EndProject
Project("{FAE04EC0-301F-11D3-BF4B-00C04F79EFBC}") = "ObjectListView2012", "..\..\..\..\..\Program Files (x86)\Microsoft Visual Studio\2017\Community\VC#\ObjectListView\ObjectListView\ObjectListView2012.csproj", "{18FEDA0C-D147-4286-B39A-01204808106A}"
EndProject
Project("{FAE04EC0-301F-11D3-BF4B-00C04F79EFBC}") = "Benefix_BLL", "Benefix_BLL\Benefix_BLL.csproj", "{8B9EA82A-4D00-4014-ABE4-EEB2B0634BF7}"
EndProject
Project("{FAE04EC0-301F-11D3-BF4B-00C04F79EFBC}") = "Benefix_DLL", "Benefix_DLL\Benefix_DLL.csproj", "{F1BD6B38-6E01-4490-AE45-1BFD9B7D38BB}"
EndProject
Project("{FAE04EC0-301F-11D3-BF4B-00C04F79EFBC}") = "Benefix_DAL", "Benefix_DAL\Benefix_DAL.csproj", "{D4D9E2A8-A54F-400E-8E4D-32F5BD20E42B}"
EndProject
Project("{FAE04EC0-301F-11D3-BF4B-00C04F79EFBC}") = "Benefix_BDTool", "Benefix_BDTool\Benefix_BDTool.csproj", "{4B43606D-1983-421F-B649-C58B02D941B0}"
EndProject
Project("{54435603-DBB4-11D2-8724-00A0C9A8B90C}") = "InstaladorBenefix", "InstaladorBenefix\InstaladorBenefix.vdproj", "{131B0D77-E90A-4C52-ADAB-D148D5320750}"
EndProject
Project("{54435603-DBB4-11D2-8724-00A0C9A8B90C}") = "InstaladorBenefixBDTool", "InstaladorBenefixBDTool\InstaladorBenefixBDTool.vdproj", "{8071C78A-939E-4BE1-B1F2-614375F83922}"
EndProject
Global
	GlobalSection(SolutionConfigurationPlatforms) = preSolution
		Debug|Any CPU = Debug|Any CPU
		Release|Any CPU = Release|Any CPU
	EndGlobalSection
	GlobalSection(ProjectConfigurationPlatforms) = postSolution
		{F453CAB9-378A-48AA-BE1C-2D37005A4EE9}.Debug|Any CPU.ActiveCfg = Debug|Any CPU
		{F453CAB9-378A-48AA-BE1C-2D37005A4EE9}.Debug|Any CPU.Build.0 = Debug|Any CPU
		{F453CAB9-378A-48AA-BE1C-2D37005A4EE9}.Release|Any CPU.ActiveCfg = Release|Any CPU
		{F453CAB9-378A-48AA-BE1C-2D37005A4EE9}.Release|Any CPU.Build.0 = Release|Any CPU
		{18FEDA0C-D147-4286-B39A-01204808106A}.Debug|Any CPU.ActiveCfg = Debug|Any CPU
		{18FEDA0C-D147-4286-B39A-01204808106A}.Debug|Any CPU.Build.0 = Debug|Any CPU
		{18FEDA0C-D147-4286-B39A-01204808106A}.Release|Any CPU.ActiveCfg = Release|Any CPU
		{18FEDA0C-D147-4286-B39A-01204808106A}.Release|Any CPU.Build.0 = Release|Any CPU
		{8B9EA82A-4D00-4014-ABE4-EEB2B0634BF7}.Debug|Any CPU.ActiveCfg = Debug|Any CPU
		{8B9EA82A-4D00-4014-ABE4-EEB2B0634BF7}.Debug|Any CPU.Build.0 = Debug|Any CPU
		{8B9EA82A-4D00-4014-ABE4-EEB2B0634BF7}.Release|Any CPU.ActiveCfg = Release|Any CPU
		{8B9EA82A-4D00-4014-ABE4-EEB2B0634BF7}.Release|Any CPU.Build.0 = Release|Any CPU
		{F1BD6B38-6E01-4490-AE45-1BFD9B7D38BB}.Debug|Any CPU.ActiveCfg = Debug|Any CPU
		{F1BD6B38-6E01-4490-AE45-1BFD9B7D38BB}.Debug|Any CPU.Build.0 = Debug|Any CPU
		{F1BD6B38-6E01-4490-AE45-1BFD9B7D38BB}.Release|Any CPU.ActiveCfg = Release|Any CPU
		{F1BD6B38-6E01-4490-AE45-1BFD9B7D38BB}.Release|Any CPU.Build.0 = Release|Any CPU
		{D4D9E2A8-A54F-400E-8E4D-32F5BD20E42B}.Debug|Any CPU.ActiveCfg = Debug|Any CPU
		{D4D9E2A8-A54F-400E-8E4D-32F5BD20E42B}.Debug|Any CPU.Build.0 = Debug|Any CPU
		{D4D9E2A8-A54F-400E-8E4D-32F5BD20E42B}.Release|Any CPU.ActiveCfg = Release|Any CPU
		{D4D9E2A8-A54F-400E-8E4D-32F5BD20E42B}.Release|Any CPU.Build.0 = Release|Any CPU
		{4B43606D-1983-421F-B649-C58B02D941B0}.Debug|Any CPU.ActiveCfg = Debug|Any CPU
		{4B43606D-1983-421F-B649-C58B02D941B0}.Debug|Any CPU.Build.0 = Debug|Any CPU
		{4B43606D-1983-421F-B649-C58B02D941B0}.Release|Any CPU.ActiveCfg = Release|Any CPU
		{4B43606D-1983-421F-B649-C58B02D941B0}.Release|Any CPU.Build.0 = Release|Any CPU
		{131B0D77-E90A-4C52-ADAB-D148D5320750}.Debug|Any CPU.ActiveCfg = Debug
		{131B0D77-E90A-4C52-ADAB-D148D5320750}.Release|Any CPU.ActiveCfg = Release
		{8071C78A-939E-4BE1-B1F2-614375F83922}.Debug|Any CPU.ActiveCfg = Debug
		{8071C78A-939E-4BE1-B1F2-614375F83922}.Release|Any CPU.ActiveCfg = Release
	EndGlobalSection
	GlobalSection(SolutionProperties) = preSolution
		HideSolutionNode = FALSE
	EndGlobalSection
	GlobalSection(ExtensibilityGlobals) = postSolution
		SolutionGuid = {5DA41127-52AF-454D-834E-00642F6AD487}
	EndGlobalSection
EndGlobal
